
Microsoft Visual Studio Solution File, Format Version 12.00
# Visual Studio 15
VisualStudioVersion = 15.0.28307.1321
MinimumVisualStudioVersion = 10.0.40219.1
Project("{E24C65DC-7377-472B-9ABA-BC803B73C61A}") = "Project", "Project\", "{B6C14C97-757F-4C5E-A39B-24EEE094F2BA}"
	ProjectSection(WebsiteProperties) = preProject
		TargetFrameworkMoniker = ".NETFramework,Version%3Dv4.6.1"
		Debug.AspNetCompiler.VirtualPath = "/localhost_60597"
		Debug.AspNetCompiler.PhysicalPath = "Project\"
		Debug.AspNetCompiler.TargetPath = "PrecompiledWeb\localhost_60597\"
		Debug.AspNetCompiler.Updateable = "true"
		Debug.AspNetCompiler.ForceOverwrite = "true"
		Debug.AspNetCompiler.FixedNames = "false"
		Debug.AspNetCompiler.Debug = "True"
		Release.AspNetCompiler.VirtualPath = "/localhost_60597"
		Release.AspNetCompiler.PhysicalPath = "Project\"
		Release.AspNetCompiler.TargetPath = "PrecompiledWeb\localhost_60597\"
		Release.AspNetCompiler.Updateable = "true"
		Release.AspNetCompiler.ForceOverwrite = "true"
		Release.AspNetCompiler.FixedNames = "false"
		Release.AspNetCompiler.Debug = "False"
		VWDPort = "60597"
		SlnRelativePath = "Project\"
		DefaultWebSiteLanguage = "Visual C#"
	EndProjectSection
EndProject
Global
	GlobalSection(SolutionConfigurationPlatforms) = preSolution
		Debug|Any CPU = Debug|Any CPU
	EndGlobalSection
	GlobalSection(ProjectConfigurationPlatforms) = postSolution
		{B6C14C97-757F-4C5E-A39B-24EEE094F2BA}.Debug|Any CPU.ActiveCfg = Debug|Any CPU
		{B6C14C97-757F-4C5E-A39B-24EEE094F2BA}.Debug|Any CPU.Build.0 = Debug|Any CPU
	EndGlobalSection
	GlobalSection(SolutionProperties) = preSolution
		HideSolutionNode = FALSE
	EndGlobalSection
	GlobalSection(ExtensibilityGlobals) = postSolution
		SolutionGuid = {6BA22679-62FB-4865-8AA6-05C56D452E21}
	EndGlobalSection
EndGlobal
